
Microsoft Visual Studio Solution File, Format Version 12.00
# Visual Studio Version 16
VisualStudioVersion = 16.0.30804.86
MinimumVisualStudioVersion = 10.0.40219.1
Project("{FAE04EC0-301F-11D3-BF4B-00C04F79EFBC}") = "VendingMachine", "VendingMachine.csproj", "{6311973D-75AC-4771-ACAE-C4C147D99EAF}"
EndProject
Global
	GlobalSection(SolutionConfigurationPlatforms) = preSolution
		Debug|Any CPU = Debug|Any CPU
		Release|Any CPU = Release|Any CPU
	EndGlobalSection
	GlobalSection(ProjectConfigurationPlatforms) = postSolution
		{6311973D-75AC-4771-ACAE-C4C147D99EAF}.Debug|Any CPU.ActiveCfg = Debug|Any CPU
		{6311973D-75AC-4771-ACAE-C4C147D99EAF}.Debug|Any CPU.Build.0 = Debug|Any CPU
		{6311973D-75AC-4771-ACAE-C4C147D99EAF}.Release|Any CPU.ActiveCfg = Release|Any CPU
		{6311973D-75AC-4771-ACAE-C4C147D99EAF}.Release|Any CPU.Build.0 = Release|Any CPU
	EndGlobalSection
	GlobalSection(SolutionProperties) = preSolution
		HideSolutionNode = FALSE
	EndGlobalSection
	GlobalSection(ExtensibilityGlobals) = postSolution
		SolutionGuid = {4C63B1AF-4D90-4FEF-BBCB-723CAEBC37CA}
	EndGlobalSection
EndGlobal
